
Microsoft Visual Studio Solution File, Format Version 12.00
# Visual Studio Version 16
VisualStudioVersion = 16.0.31313.79
MinimumVisualStudioVersion = 10.0.40219.1
Project("{9A19103F-16F7-4668-BE54-9A1E7A4F7556}") = "FamilyTreeAPI", "FamilyTreeAPI\FamilyTreeAPI.csproj", "{659AFB20-BE22-465C-B271-8B85C1CAC8FF}"
EndProject
Global
	GlobalSection(SolutionConfigurationPlatforms) = preSolution
		Debug|Any CPU = Debug|Any CPU
		Release|Any CPU = Release|Any CPU
	EndGlobalSection
	GlobalSection(ProjectConfigurationPlatforms) = postSolution
		{659AFB20-BE22-465C-B271-8B85C1CAC8FF}.Debug|Any CPU.ActiveCfg = Debug|Any CPU
		{659AFB20-BE22-465C-B271-8B85C1CAC8FF}.Debug|Any CPU.Build.0 = Debug|Any CPU
		{659AFB20-BE22-465C-B271-8B85C1CAC8FF}.Release|Any CPU.ActiveCfg = Release|Any CPU
		{659AFB20-BE22-465C-B271-8B85C1CAC8FF}.Release|Any CPU.Build.0 = Release|Any CPU
	EndGlobalSection
	GlobalSection(SolutionProperties) = preSolution
		HideSolutionNode = FALSE
	EndGlobalSection
	GlobalSection(ExtensibilityGlobals) = postSolution
		SolutionGuid = {C633D810-549B-428B-BDE2-BA2C3292C91C}
	EndGlobalSection
EndGlobal
